
Microsoft Visual Studio Solution File, Format Version 12.00
# Visual Studio Version 16
VisualStudioVersion = 16.0.29503.13
MinimumVisualStudioVersion = 10.0.40219.1
Project("{FAE04EC0-301F-11D3-BF4B-00C04F79EFBC}") = "ConsoleCalculator", "ConsoleCalculator.csproj", "{D7568E4C-66F5-4883-A863-DC279C9317D4}"
EndProject
Project("{FAE04EC0-301F-11D3-BF4B-00C04F79EFBC}") = "ConsoleCalculator.Test.unit", "..\ConsoleCalculator.Test.unit\ConsoleCalculator.Test.unit.csproj", "{2D9E8B9A-0CD0-40EE-BCFF-0D60E3299101}"
EndProject
Global
	GlobalSection(SolutionConfigurationPlatforms) = preSolution
		Debug|Any CPU = Debug|Any CPU
		Release|Any CPU = Release|Any CPU
	EndGlobalSection
	GlobalSection(ProjectConfigurationPlatforms) = postSolution
		{D7568E4C-66F5-4883-A863-DC279C9317D4}.Debug|Any CPU.ActiveCfg = Debug|Any CPU
		{D7568E4C-66F5-4883-A863-DC279C9317D4}.Debug|Any CPU.Build.0 = Debug|Any CPU
		{D7568E4C-66F5-4883-A863-DC279C9317D4}.Release|Any CPU.ActiveCfg = Release|Any CPU
		{D7568E4C-66F5-4883-A863-DC279C9317D4}.Release|Any CPU.Build.0 = Release|Any CPU
		{2D9E8B9A-0CD0-40EE-BCFF-0D60E3299101}.Debug|Any CPU.ActiveCfg = Debug|Any CPU
		{2D9E8B9A-0CD0-40EE-BCFF-0D60E3299101}.Debug|Any CPU.Build.0 = Debug|Any CPU
		{2D9E8B9A-0CD0-40EE-BCFF-0D60E3299101}.Release|Any CPU.ActiveCfg = Release|Any CPU
		{2D9E8B9A-0CD0-40EE-BCFF-0D60E3299101}.Release|Any CPU.Build.0 = Release|Any CPU
	EndGlobalSection
	GlobalSection(SolutionProperties) = preSolution
		HideSolutionNode = FALSE
	EndGlobalSection
	GlobalSection(ExtensibilityGlobals) = postSolution
		SolutionGuid = {37F477DD-CE3F-4777-A505-9219D0CD60DA}
	EndGlobalSection
EndGlobal
